{
  "pins" : [
    {
      "identity" : "filepicker",
      "kind" : "remoteSourceControl",
      "location" : "https://github.com/markrenaud/FilePicker.git",
      "state" : {
        "revision" : "720f8cb5ca0c0efc982ed381afc84ba3e8b3214e",
        "version" : "1.0.1"
      }
    },
    {
      "identity" : "swiftui-slide-over-card",
      "kind" : "remoteSourceControl",
      "location" : "https://github.com/moifort/swiftUI-slide-over-card.git",
      "state" : {
        "revision" : "8ef209792c080bc1852074f91289ba46339367bb",
        "version" : "1.2.2"
      }
    },
    {
      "identity" : "swiftuicharts",
      "kind" : "remoteSourceControl",
      "location" : "https://github.com/willdale/SwiftUICharts",
      "state" : {
        "branch" : "main",
        "revision" : "9177c49ffc574a212e1604d2a268ddfda423a449"
      }
    }
  ],
  "version" : 2
}
